
Microsoft Visual Studio Solution File, Format Version 12.00
# Visual Studio Version 17
VisualStudioVersion = 17.8.34322.80
MinimumVisualStudioVersion = 10.0.40219.1
Project("{00D1A9C2-B5F0-4AF3-8072-F6C62B433612}") = "tecnical-dba-test", "tecnical-dba-test.sqlproj", "{E406546E-9ED4-450A-8215-EE09750E18D4}"
EndProject
Global
	GlobalSection(SolutionConfigurationPlatforms) = preSolution
		Debug|Any CPU = Debug|Any CPU
		Release|Any CPU = Release|Any CPU
	EndGlobalSection
	GlobalSection(ProjectConfigurationPlatforms) = postSolution
		{E406546E-9ED4-450A-8215-EE09750E18D4}.Debug|Any CPU.ActiveCfg = Debug|Any CPU
		{E406546E-9ED4-450A-8215-EE09750E18D4}.Debug|Any CPU.Build.0 = Debug|Any CPU
		{E406546E-9ED4-450A-8215-EE09750E18D4}.Debug|Any CPU.Deploy.0 = Debug|Any CPU
		{E406546E-9ED4-450A-8215-EE09750E18D4}.Release|Any CPU.ActiveCfg = Release|Any CPU
		{E406546E-9ED4-450A-8215-EE09750E18D4}.Release|Any CPU.Build.0 = Release|Any CPU
		{E406546E-9ED4-450A-8215-EE09750E18D4}.Release|Any CPU.Deploy.0 = Release|Any CPU
	EndGlobalSection
	GlobalSection(SolutionProperties) = preSolution
		HideSolutionNode = FALSE
	EndGlobalSection
	GlobalSection(ExtensibilityGlobals) = postSolution
		SolutionGuid = {8631C505-D1E6-473D-BF88-AE29F4F0F629}
	EndGlobalSection
EndGlobal
